
Microsoft Visual Studio Solution File, Format Version 12.00
# Visual Studio Version 17
VisualStudioVersion = 17.14.36401.2 d17.14
MinimumVisualStudioVersion = 10.0.40219.1
Project("{FAE04EC0-301F-11D3-BF4B-00C04F79EFBC}") = "ConsoleApp9", "ConsoleApp9.csproj", "{00237954-97B0-4E22-8F33-B9D09859E54B}"
EndProject
Global
	GlobalSection(SolutionConfigurationPlatforms) = preSolution
		Debug|Any CPU = Debug|Any CPU
		Release|Any CPU = Release|Any CPU
	EndGlobalSection
	GlobalSection(ProjectConfigurationPlatforms) = postSolution
		{00237954-97B0-4E22-8F33-B9D09859E54B}.Debug|Any CPU.ActiveCfg = Debug|Any CPU
		{00237954-97B0-4E22-8F33-B9D09859E54B}.Debug|Any CPU.Build.0 = Debug|Any CPU
		{00237954-97B0-4E22-8F33-B9D09859E54B}.Release|Any CPU.ActiveCfg = Release|Any CPU
		{00237954-97B0-4E22-8F33-B9D09859E54B}.Release|Any CPU.Build.0 = Release|Any CPU
	EndGlobalSection
	GlobalSection(SolutionProperties) = preSolution
		HideSolutionNode = FALSE
	EndGlobalSection
	GlobalSection(ExtensibilityGlobals) = postSolution
		SolutionGuid = {0DFF5A55-4984-48E9-B473-425EB85372B6}
	EndGlobalSection
EndGlobal
